
Microsoft Visual Studio Solution File, Format Version 12.00
# Visual Studio Version 17
VisualStudioVersion = 17.4.33122.133
MinimumVisualStudioVersion = 10.0.40219.1
Project("{FAE04EC0-301F-11D3-BF4B-00C04F79EFBC}") = "PersonInfoMVC", "PersonInfoMVC\PersonInfoMVC.csproj", "{B49C58FA-F822-43A9-AD77-1B5B7640AC92}"
EndProject
Global
	GlobalSection(SolutionConfigurationPlatforms) = preSolution
		Debug|Any CPU = Debug|Any CPU
		Release|Any CPU = Release|Any CPU
	EndGlobalSection
	GlobalSection(ProjectConfigurationPlatforms) = postSolution
		{B49C58FA-F822-43A9-AD77-1B5B7640AC92}.Debug|Any CPU.ActiveCfg = Debug|Any CPU
		{B49C58FA-F822-43A9-AD77-1B5B7640AC92}.Debug|Any CPU.Build.0 = Debug|Any CPU
		{B49C58FA-F822-43A9-AD77-1B5B7640AC92}.Release|Any CPU.ActiveCfg = Release|Any CPU
		{B49C58FA-F822-43A9-AD77-1B5B7640AC92}.Release|Any CPU.Build.0 = Release|Any CPU
	EndGlobalSection
	GlobalSection(SolutionProperties) = preSolution
		HideSolutionNode = FALSE
	EndGlobalSection
	GlobalSection(ExtensibilityGlobals) = postSolution
		SolutionGuid = {1909FB72-1F65-46E3-8F01-4153FDA34C1E}
	EndGlobalSection
EndGlobal
